
Microsoft Visual Studio Solution File, Format Version 12.00
Project("{FAE04EC0-301F-11D3-BF4B-00C04F79EFBC}") = "MatrixDotNet", "MatrixDotNet\MatrixDotNet.csproj", "{A0400D7B-D215-4E35-913C-4D6A4CCA3BAC}"
EndProject
Project("{FAE04EC0-301F-11D3-BF4B-00C04F79EFBC}") = "Samples", "..\samples\Samples\Samples.csproj", "{6E7371FE-09F1-4777-8486-F71E7C644F89}"
EndProject
Project("{FAE04EC0-301F-11D3-BF4B-00C04F79EFBC}") = "MatrixDotNetTests", "..\tests\MatrixDotNetTests\MatrixDotNetTests.csproj", "{1C826C91-532D-488E-9127-A1DFB6F2EEFD}"
EndProject
Global
	GlobalSection(SolutionConfigurationPlatforms) = preSolution
		Debug|Any CPU = Debug|Any CPU
		Release|Any CPU = Release|Any CPU
	EndGlobalSection
	GlobalSection(ProjectConfigurationPlatforms) = postSolution
		{A0400D7B-D215-4E35-913C-4D6A4CCA3BAC}.Debug|Any CPU.ActiveCfg = Debug|Any CPU
		{A0400D7B-D215-4E35-913C-4D6A4CCA3BAC}.Debug|Any CPU.Build.0 = Debug|Any CPU
		{A0400D7B-D215-4E35-913C-4D6A4CCA3BAC}.Release|Any CPU.ActiveCfg = Release|Any CPU
		{A0400D7B-D215-4E35-913C-4D6A4CCA3BAC}.Release|Any CPU.Build.0 = Release|Any CPU
		{6E7371FE-09F1-4777-8486-F71E7C644F89}.Debug|Any CPU.ActiveCfg = Debug|Any CPU
		{6E7371FE-09F1-4777-8486-F71E7C644F89}.Debug|Any CPU.Build.0 = Debug|Any CPU
		{6E7371FE-09F1-4777-8486-F71E7C644F89}.Release|Any CPU.ActiveCfg = Release|Any CPU
		{6E7371FE-09F1-4777-8486-F71E7C644F89}.Release|Any CPU.Build.0 = Release|Any CPU
		{1C826C91-532D-488E-9127-A1DFB6F2EEFD}.Debug|Any CPU.ActiveCfg = Debug|Any CPU
		{1C826C91-532D-488E-9127-A1DFB6F2EEFD}.Debug|Any CPU.Build.0 = Debug|Any CPU
		{1C826C91-532D-488E-9127-A1DFB6F2EEFD}.Release|Any CPU.ActiveCfg = Release|Any CPU
		{1C826C91-532D-488E-9127-A1DFB6F2EEFD}.Release|Any CPU.Build.0 = Release|Any CPU
	EndGlobalSection
EndGlobal
