Microsoft Visual Studio Solution File, Format Version 12.00
# Visual Studio Version 16
VisualStudioVersion = 16.0.30621.155
MinimumVisualStudioVersion = 10.0.40219.1
Project("{9A19103F-16F7-4668-BE54-9A1E7A4F7556}") = "MatrixDotNet", "MatrixDotNet\MatrixDotNet.csproj", "{A0400D7B-D215-4E35-913C-4D6A4CCA3BAC}"
EndProject
Project("{9A19103F-16F7-4668-BE54-9A1E7A4F7556}") = "Samples", "..\samples\Samples\Samples.csproj", "{6E7371FE-09F1-4777-8486-F71E7C644F89}"
EndProject
Project("{9A19103F-16F7-4668-BE54-9A1E7A4F7556}") = "MatrixDotNet.UnitTesting", "..\tests\MatrixDotNet.UnitTesting\MatrixDotNet.UnitTesting.csproj", "{1C826C91-532D-488E-9127-A1DFB6F2EEFD}"
EndProject
Project("{9A19103F-16F7-4668-BE54-9A1E7A4F7556}") = "MatrixDotNet.PerformanceTesting", "..\tests\MatrixDotNet.PerformanceTesting\MatrixDotNet.PerformanceTesting.csproj", "{8E4D7E19-86D5-4670-856D-E585ECAF6D62}"
EndProject
Project("{2150E333-8FDC-42A3-9474-1A3956D46DE8}") = "MatrixDotNet.Tests", "MatrixDotNet.Tests", "{7EF7AD85-1F15-4F59-A941-7D25D6F450B4}"
EndProject
Project("{2150E333-8FDC-42A3-9474-1A3956D46DE8}") = "Solution Items", "Solution Items", "{EE64B05B-0339-4801-8ECD-E90F9D8E2573}"
	ProjectSection(SolutionItems) = preProject
		.editorconfig = .editorconfig
	EndProjectSection
EndProject
Global
	GlobalSection(SolutionConfigurationPlatforms) = preSolution
		Debug|Any CPU = Debug|Any CPU
		Release|Any CPU = Release|Any CPU
	EndGlobalSection
	GlobalSection(ProjectConfigurationPlatforms) = postSolution
		{A0400D7B-D215-4E35-913C-4D6A4CCA3BAC}.Debug|Any CPU.ActiveCfg = Debug|Any CPU
		{A0400D7B-D215-4E35-913C-4D6A4CCA3BAC}.Debug|Any CPU.Build.0 = Debug|Any CPU
		{A0400D7B-D215-4E35-913C-4D6A4CCA3BAC}.Release|Any CPU.ActiveCfg = Release|Any CPU
		{A0400D7B-D215-4E35-913C-4D6A4CCA3BAC}.Release|Any CPU.Build.0 = Release|Any CPU
		{6E7371FE-09F1-4777-8486-F71E7C644F89}.Debug|Any CPU.ActiveCfg = Debug|Any CPU
		{6E7371FE-09F1-4777-8486-F71E7C644F89}.Debug|Any CPU.Build.0 = Debug|Any CPU
		{6E7371FE-09F1-4777-8486-F71E7C644F89}.Release|Any CPU.ActiveCfg = Release|Any CPU
		{6E7371FE-09F1-4777-8486-F71E7C644F89}.Release|Any CPU.Build.0 = Release|Any CPU
		{1C826C91-532D-488E-9127-A1DFB6F2EEFD}.Debug|Any CPU.ActiveCfg = Debug|Any CPU
		{1C826C91-532D-488E-9127-A1DFB6F2EEFD}.Debug|Any CPU.Build.0 = Debug|Any CPU
		{1C826C91-532D-488E-9127-A1DFB6F2EEFD}.Release|Any CPU.ActiveCfg = Release|Any CPU
		{1C826C91-532D-488E-9127-A1DFB6F2EEFD}.Release|Any CPU.Build.0 = Release|Any CPU
		{8E4D7E19-86D5-4670-856D-E585ECAF6D62}.Debug|Any CPU.ActiveCfg = Debug|Any CPU
		{8E4D7E19-86D5-4670-856D-E585ECAF6D62}.Debug|Any CPU.Build.0 = Debug|Any CPU
		{8E4D7E19-86D5-4670-856D-E585ECAF6D62}.Release|Any CPU.ActiveCfg = Release|Any CPU
		{8E4D7E19-86D5-4670-856D-E585ECAF6D62}.Release|Any CPU.Build.0 = Release|Any CPU
	EndGlobalSection
	GlobalSection(SolutionProperties) = preSolution
		HideSolutionNode = FALSE
	EndGlobalSection
	GlobalSection(NestedProjects) = preSolution
		{1C826C91-532D-488E-9127-A1DFB6F2EEFD} = {7EF7AD85-1F15-4F59-A941-7D25D6F450B4}
		{8E4D7E19-86D5-4670-856D-E585ECAF6D62} = {7EF7AD85-1F15-4F59-A941-7D25D6F450B4}
	EndGlobalSection
	GlobalSection(ExtensibilityGlobals) = postSolution
		SolutionGuid = {81CD91FD-BEAE-4607-990A-B42E838353D2}
	EndGlobalSection
EndGlobal
